Microsoft Visual Studio Solution File, Format Version 12.00
# Visual Studio Version 17
VisualStudioVersion = 17.13.35919.96 d17.13
MinimumVisualStudioVersion = 10.0.40219.1
Project("{FAE04EC0-301F-11D3-BF4B-00C04F79EFBC}") = "AspireApp1.AppHost", "AspireApp1.AppHost\AspireApp1.AppHost.csproj", "{F3A5C65A-9701-49AD-A106-6FA541933E9E}"
EndProject
Project("{FAE04EC0-301F-11D3-BF4B-00C04F79EFBC}") = "AspireApp1.ServiceDefaults", "AspireApp1.ServiceDefaults\AspireApp1.ServiceDefaults.csproj", "{53D24348-B1DC-95A1-1953-B48BBD597BDB}"
EndProject
Global
	GlobalSection(SolutionConfigurationPlatforms) = preSolution
		Debug|Any CPU = Debug|Any CPU
		Release|Any CPU = Release|Any CPU
	EndGlobalSection
	GlobalSection(ProjectConfigurationPlatforms) = postSolution
		{F3A5C65A-9701-49AD-A106-6FA541933E9E}.Debug|Any CPU.ActiveCfg = Debug|Any CPU
		{F3A5C65A-9701-49AD-A106-6FA541933E9E}.Debug|Any CPU.Build.0 = Debug|Any CPU
		{F3A5C65A-9701-49AD-A106-6FA541933E9E}.Release|Any CPU.ActiveCfg = Release|Any CPU
		{F3A5C65A-9701-49AD-A106-6FA541933E9E}.Release|Any CPU.Build.0 = Release|Any CPU
		{53D24348-B1DC-95A1-1953-B48BBD597BDB}.Debug|Any CPU.ActiveCfg = Debug|Any CPU
		{53D24348-B1DC-95A1-1953-B48BBD597BDB}.Debug|Any CPU.Build.0 = Debug|Any CPU
		{53D24348-B1DC-95A1-1953-B48BBD597BDB}.Release|Any CPU.ActiveCfg = Release|Any CPU
		{53D24348-B1DC-95A1-1953-B48BBD597BDB}.Release|Any CPU.Build.0 = Release|Any CPU
	EndGlobalSection
	GlobalSection(SolutionProperties) = preSolution
		HideSolutionNode = FALSE
	EndGlobalSection
	GlobalSection(ExtensibilityGlobals) = postSolution
		SolutionGuid = {4CBA087B-5DCF-40B7-823B-53107E8DF5D1}
	EndGlobalSection
EndGlobal
